schema: '2.0'
stages:
  make_dataset:
    cmd: python ./src/data/make_dataset.py ./data/raw/Predict_Calorie_Expenditure.csv
    deps:
    - path: ./data/raw/Predict_Calorie_Expenditure.csv
      hash: md5
      md5: 970f84f7178e87d71712d049abcbcc35
      size: 35463548
    - path: ./src/data/make_dataset.py
      hash: md5
      md5: cb8a9029ce4f49376406d689222b605f
      size: 1304
    params:
      params.yaml:
        make_dataset.seed: 2023
        make_dataset.test_split: 0.2
    outs:
    - path: ./data/processed/test.csv
      hash: md5
      md5: af7e5ddb0232fd15064c3335f7bb7fef
      size: 7241890
    - path: ./data/processed/train.csv
      hash: md5
      md5: 2fcf687dd483211af58ca4af2bd98457
      size: 28971724
  build_features:
    cmd: python ./src/features/build_features.py ./data/processed ./data/features
    deps:
    - path: ./data/processed/test.csv
      hash: md5
      md5: af7e5ddb0232fd15064c3335f7bb7fef
      size: 7241890
    - path: ./data/processed/train.csv
      hash: md5
      md5: 2fcf687dd483211af58ca4af2bd98457
      size: 28971724
    - path: ./src/features/build_features.py
      hash: md5
      md5: 9e7d365a92d704a873b026a2f92ce598
      size: 1782
    params:
      params.yaml:
        build_features:
    outs:
    - path: ./data/features/test.csv
      hash: md5
      md5: 7dc1e792f114a5da0ab0cd0fe7651765
      size: 11583144
    - path: ./data/features/train.csv
      hash: md5
      md5: be77f2d507e27f3e6d4d09b86d745000
      size: 46336319
