schema: '2.0'
stages:
  make_dataset:
    cmd: python ./src/data/make_dataset.py ./data/raw/Predict_Calorie_Expenditure.csv
    deps:
    - path: ./data/raw/Predict_Calorie_Expenditure.csv
      hash: md5
      md5: 970f84f7178e87d71712d049abcbcc35
      size: 35463548
    - path: ./src/data/make_dataset.py
      hash: md5
      md5: cb8a9029ce4f49376406d689222b605f
      size: 1304
    params:
      params.yaml:
        make_dataset.seed: 2023
        make_dataset.test_split: 0.2
    outs:
    - path: ./data/processed/test.csv
      hash: md5
      md5: af7e5ddb0232fd15064c3335f7bb7fef
      size: 7241890
    - path: ./data/processed/train.csv
      hash: md5
      md5: 2fcf687dd483211af58ca4af2bd98457
      size: 28971724
  build_features:
    cmd: python ./src/features/build_features.py ./data/processed ./data/features
    deps:
    - path: ./data/processed/test.csv
      hash: md5
      md5: af7e5ddb0232fd15064c3335f7bb7fef
      size: 7241890
    - path: ./data/processed/train.csv
      hash: md5
      md5: 2fcf687dd483211af58ca4af2bd98457
      size: 28971724
    - path: ./src/features/build_features.py
      hash: md5
      md5: 9cd3d32d04512658836212dc1003ea39
      size: 2424
    params:
      params.yaml:
        build_features:
    outs:
    - path: ./data/features/test.csv
      hash: md5
      md5: 0a7863475e01dc87d04e755763bbc6e0
      size: 10833504
    - path: ./data/features/train.csv
      hash: md5
      md5: 77fe3815e68e05edcad028dd6ff19b90
      size: 43334517
  train_model:
    cmd: python ./src/models/train_model.py ./data/features
    deps:
    - path: ./data/features/train.csv
      hash: md5
      md5: 77fe3815e68e05edcad028dd6ff19b90
      size: 43334517
    - path: ./src/models/train_model.py
      hash: md5
      md5: 0e6fa706cb5170a372435c423b5f569f
      size: 1773
    params:
      params.yaml:
        train_model.learning_rate: 0.1
        train_model.max_depth: 8
        train_model.n_estimators: 100
        train_model.seed: 21
    outs:
    - path: ./models
      hash: md5
      md5: a44fce7dfc64e71c7fb33eed0bbc6c3b.dir
      size: 1545532
      nfiles: 1
