schema: '2.0'
stages:
  make_dataset:
    cmd: python ./src/data/make_dataset.py ./data/raw/Predict_Calorie_Expenditure.csv
    deps:
    - path: ./data/raw/Predict_Calorie_Expenditure.csv
      hash: md5
      md5: 970f84f7178e87d71712d049abcbcc35
      size: 35463548
    - path: ./src/data/make_dataset.py
      hash: md5
      md5: cb8a9029ce4f49376406d689222b605f
      size: 1304
    params:
      params.yaml:
        make_dataset.seed: 2023
        make_dataset.test_split: 0.2
    outs:
    - path: ./data/processed/test.csv
      hash: md5
      md5: af7e5ddb0232fd15064c3335f7bb7fef
      size: 7241890
    - path: ./data/processed/train.csv
      hash: md5
      md5: 2fcf687dd483211af58ca4af2bd98457
      size: 28971724
  build_features:
    cmd: python ./src/features/build_features.py ./data/processed ./data/features
    deps:
    - path: ./data/processed/test.csv
      hash: md5
      md5: af7e5ddb0232fd15064c3335f7bb7fef
      size: 7241890
    - path: ./data/processed/train.csv
      hash: md5
      md5: 2fcf687dd483211af58ca4af2bd98457
      size: 28971724
    - path: ./src/features/build_features.py
      hash: md5
      md5: 7a3d5eca13fd66dc2ccb69ac020f8945
      size: 2689
    params:
      params.yaml:
        build_features:
    outs:
    - path: ./data/features/test.csv
      hash: md5
      md5: 31a35c24b23e1e7aef40c8dc7fec4b8b
      size: 13475404
    - path: ./data/features/train.csv
      hash: md5
      md5: 7184dc9d28cd335e4162ce39811f8976
      size: 53893564
  train_model:
    cmd: python ./src/models/train_model.py ./data/features
    deps:
    - path: ./data/features/train.csv
      hash: md5
      md5: 7184dc9d28cd335e4162ce39811f8976
      size: 53893564
    - path: ./src/models/train_model.py
      hash: md5
      md5: 90da3d926ec49b3a570633d4b2a774a0
      size: 1720
    params:
      params.yaml:
        train_model.learning_rate: 0.1
        train_model.max_depth: 8
        train_model.n_estimators: 100
        train_model.seed: 21
    outs:
    - path: ./models
      hash: md5
      md5: 2582dce81f7c2c0915493796558f241b.dir
      size: 1543316
      nfiles: 1
  test_model:
    cmd: python ./src/models/test_model.py ./data/features ./models/model.joblib
    deps:
    - path: ./data/features/test.csv
      hash: md5
      md5: 31a35c24b23e1e7aef40c8dc7fec4b8b
      size: 13475404
    - path: ./models/model.joblib
      hash: md5
      md5: 6496e55cb712eed5b3c94b8777358c64
      size: 1543316
    - path: ./src/models/test_model.py
      hash: md5
      md5: e9b48d010ee485d55583ae30188c934c
      size: 2808
